{
    "version": 3,
    "terraform_version": "0.11.8",
    "serial": 180,
    "lineage": "1a77bc87-a049-60f2-5847-50f2f409b911",
    "modules": [
        {
            "path": [
                "root"
            ],
            "outputs": {},
            "resources": {
                "libvirt_network.default": {
                    "type": "libvirt_network",
                    "depends_on": [],
                    "primary": {
                        "id": "c0f7fabf-69fc-4499-a3ab-a949925655c3",
                        "attributes": {
                            "addresses.#": "1",
                            "addresses.0": "192.168.100.0/24",
                            "autostart": "true",
                            "bridge": "virbr0",
                            "dhcp.#": "1",
                            "dhcp.0.enabled": "true",
                            "domain": "vm",
                            "id": "c0f7fabf-69fc-4499-a3ab-a949925655c3",
                            "mode": "nat",
                            "name": "default"
                        },
                        "meta": {},
                        "tainted": false
                    },
                    "deposed": [],
                    "provider": "provider.libvirt"
                }
            },
            "depends_on": []
        },
        {
            "path": [
                "root",
                "auth_vm"
            ],
            "outputs": {},
            "resources": {
                "libvirt_domain.domain": {
                    "type": "libvirt_domain",
                    "depends_on": [
                        "libvirt_volume.os_disk"
                    ],
                    "primary": {
                        "id": "d9753f2c-970f-4d2c-afce-8188994d9c20",
                        "attributes": {
                            "arch": "x86_64",
                            "autostart": "false",
                            "boot_device.#": "1",
                            "boot_device.0.dev.#": "2",
                            "boot_device.0.dev.0": "hd",
                            "boot_device.0.dev.1": "cdrom",
                            "cmdline.#": "0",
                            "console.#": "2",
                            "console.0.source_path": "",
                            "console.0.target_port": "0",
                            "console.0.target_type": "serial",
                            "console.0.type": "pty",
                            "console.1.source_path": "",
                            "console.1.target_port": "1",
                            "console.1.target_type": "virtio",
                            "console.1.type": "pty",
                            "disk.#": "2",
                            "disk.0.file": "/home/tyrant/infrastructure/image/images/debian-9.5-amd64-CD-1.iso",
                            "disk.0.scsi": "false",
                            "disk.0.url": "",
                            "disk.0.volume_id": "",
                            "disk.0.wwn": "",
                            "disk.1.file": "",
                            "disk.1.scsi": "false",
                            "disk.1.url": "",
                            "disk.1.volume_id": "5C8RJN-z4Qt-827E-7XR6-UoX0-mNbv-38V4gA",
                            "disk.1.wwn": "",
                            "emulator": "/usr/bin/kvm",
                            "firmware": "",
                            "graphics.#": "1",
                            "graphics.0.autoport": "true",
                            "graphics.0.listen_type": "address",
                            "graphics.0.type": "spice",
                            "id": "d9753f2c-970f-4d2c-afce-8188994d9c20",
                            "initrd": "",
                            "kernel": "",
                            "machine": "pc",
                            "memory": "512",
                            "name": "auth",
                            "network_interface.#": "1",
                            "network_interface.0.addresses.#": "1",
                            "network_interface.0.addresses.0": "192.168.100.5",
                            "network_interface.0.bridge": "",
                            "network_interface.0.hostname": "auth",
                            "network_interface.0.mac": "66:D4:98:7F:CE:B1",
                            "network_interface.0.macvtap": "",
                            "network_interface.0.network_id": "c0f7fabf-69fc-4499-a3ab-a949925655c3",
                            "network_interface.0.network_name": "default",
                            "network_interface.0.passthrough": "",
                            "network_interface.0.vepa": "",
                            "network_interface.0.wait_for_lease": "true",
                            "nvram.#": "0",
                            "qemu_agent": "false",
                            "running": "true",
                            "vcpu": "1"
                        },
                        "meta": {
                            "e2bfb730-ecaa-11e6-8f88-34363bc7c4c0": {
                                "create": 300000000000
                            }
                        },
                        "tainted": false
                    },
                    "deposed": [],
                    "provider": "provider.libvirt"
                },
                "libvirt_volume.data_disk": {
                    "type": "libvirt_volume",
                    "depends_on": [],
                    "primary": {
                        "id": "/mnt/data/auth_data",
                        "attributes": {
                            "format": "qcow2",
                            "id": "/mnt/data/auth_data",
                            "name": "auth_data",
                            "pool": "data",
                            "size": "1048576"
                        },
                        "meta": {},
                        "tainted": false
                    },
                    "deposed": [],
                    "provider": "provider.libvirt"
                },
                "libvirt_volume.os_disk": {
                    "type": "libvirt_volume",
                    "depends_on": [],
                    "primary": {
                        "id": "5C8RJN-z4Qt-827E-7XR6-UoX0-mNbv-38V4gA",
                        "attributes": {
                            "id": "5C8RJN-z4Qt-827E-7XR6-UoX0-mNbv-38V4gA",
                            "name": "auth_os",
                            "pool": "vg0",
                            "size": "4294967296"
                        },
                        "meta": {},
                        "tainted": false
                    },
                    "deposed": [],
                    "provider": "provider.libvirt"
                }
            },
            "depends_on": []
        },
        {
            "path": [
                "root",
                "cloud_vm"
            ],
            "outputs": {},
            "resources": {
                "libvirt_domain.domain": {
                    "type": "libvirt_domain",
                    "depends_on": [
                        "libvirt_volume.os_disk"
                    ],
                    "primary": {
                        "id": "46adb082-917c-4b61-9cef-850ef29ffdbb",
                        "attributes": {
                            "arch": "x86_64",
                            "autostart": "false",
                            "boot_device.#": "1",
                            "boot_device.0.dev.#": "2",
                            "boot_device.0.dev.0": "hd",
                            "boot_device.0.dev.1": "cdrom",
                            "cmdline.#": "0",
                            "console.#": "2",
                            "console.0.source_path": "",
                            "console.0.target_port": "0",
                            "console.0.target_type": "serial",
                            "console.0.type": "pty",
                            "console.1.source_path": "",
                            "console.1.target_port": "1",
                            "console.1.target_type": "virtio",
                            "console.1.type": "pty",
                            "disk.#": "2",
                            "disk.0.file": "/home/tyrant/infrastructure/image/images/debian-9.5-amd64-CD-1.iso",
                            "disk.0.scsi": "false",
                            "disk.0.url": "",
                            "disk.0.volume_id": "",
                            "disk.0.wwn": "",
                            "disk.1.file": "",
                            "disk.1.scsi": "false",
                            "disk.1.url": "",
                            "disk.1.volume_id": "2BdGzx-DdfE-gAff-fnHh-fp2t-ueLf-RZsnpl",
                            "disk.1.wwn": "",
                            "emulator": "/usr/bin/kvm",
                            "firmware": "",
                            "graphics.#": "1",
                            "graphics.0.autoport": "true",
                            "graphics.0.listen_type": "address",
                            "graphics.0.type": "spice",
                            "id": "46adb082-917c-4b61-9cef-850ef29ffdbb",
                            "initrd": "",
                            "kernel": "",
                            "machine": "pc",
                            "memory": "1024",
                            "name": "cloud",
                            "network_interface.#": "1",
                            "network_interface.0.addresses.#": "1",
                            "network_interface.0.addresses.0": "192.168.100.4",
                            "network_interface.0.bridge": "",
                            "network_interface.0.hostname": "cloud",
                            "network_interface.0.mac": "1A:BA:63:F2:50:35",
                            "network_interface.0.macvtap": "",
                            "network_interface.0.network_id": "c0f7fabf-69fc-4499-a3ab-a949925655c3",
                            "network_interface.0.network_name": "default",
                            "network_interface.0.passthrough": "",
                            "network_interface.0.vepa": "",
                            "network_interface.0.wait_for_lease": "true",
                            "nvram.#": "0",
                            "qemu_agent": "false",
                            "running": "true",
                            "vcpu": "2"
                        },
                        "meta": {
                            "e2bfb730-ecaa-11e6-8f88-34363bc7c4c0": {
                                "create": 300000000000
                            }
                        },
                        "tainted": false
                    },
                    "deposed": [],
                    "provider": "provider.libvirt"
                },
                "libvirt_volume.data_disk": {
                    "type": "libvirt_volume",
                    "depends_on": [],
                    "primary": {
                        "id": "/mnt/data/cloud_data",
                        "attributes": {
                            "format": "qcow2",
                            "id": "/mnt/data/cloud_data",
                            "name": "cloud_data",
                            "pool": "data",
                            "size": "1048576"
                        },
                        "meta": {},
                        "tainted": false
                    },
                    "deposed": [],
                    "provider": "provider.libvirt"
                },
                "libvirt_volume.os_disk": {
                    "type": "libvirt_volume",
                    "depends_on": [],
                    "primary": {
                        "id": "2BdGzx-DdfE-gAff-fnHh-fp2t-ueLf-RZsnpl",
                        "attributes": {
                            "id": "2BdGzx-DdfE-gAff-fnHh-fp2t-ueLf-RZsnpl",
                            "name": "cloud_os",
                            "pool": "vg0",
                            "size": "4294967296"
                        },
                        "meta": {},
                        "tainted": false
                    },
                    "deposed": [],
                    "provider": "provider.libvirt"
                }
            },
            "depends_on": []
        },
        {
            "path": [
                "root",
                "test_vm"
            ],
            "outputs": {},
            "resources": {
                "libvirt_domain.domain": {
                    "type": "libvirt_domain",
                    "depends_on": [
                        "libvirt_volume.os_disk"
                    ],
                    "primary": {
                        "id": "546034ab-25d2-43ce-bfa6-37019b43f817",
                        "attributes": {
                            "arch": "x86_64",
                            "autostart": "false",
                            "boot_device.#": "1",
                            "boot_device.0.dev.#": "2",
                            "boot_device.0.dev.0": "hd",
                            "boot_device.0.dev.1": "cdrom",
                            "cmdline.#": "0",
                            "console.#": "2",
                            "console.0.source_path": "",
                            "console.0.target_port": "0",
                            "console.0.target_type": "serial",
                            "console.0.type": "pty",
                            "console.1.source_path": "",
                            "console.1.target_port": "1",
                            "console.1.target_type": "virtio",
                            "console.1.type": "pty",
                            "disk.#": "2",
                            "disk.0.file": "/home/tyrant/infrastructure/image/images/debian-9.5-amd64-CD-1.iso",
                            "disk.0.scsi": "false",
                            "disk.0.url": "",
                            "disk.0.volume_id": "",
                            "disk.0.wwn": "",
                            "disk.1.file": "",
                            "disk.1.scsi": "false",
                            "disk.1.url": "",
                            "disk.1.volume_id": "dRoX5b-DmR5-KL2p-RevN-b109-vWC0-KxfOFy",
                            "disk.1.wwn": "",
                            "emulator": "/usr/bin/kvm",
                            "firmware": "",
                            "graphics.#": "1",
                            "graphics.0.autoport": "true",
                            "graphics.0.listen_type": "address",
                            "graphics.0.type": "spice",
                            "id": "546034ab-25d2-43ce-bfa6-37019b43f817",
                            "initrd": "",
                            "kernel": "",
                            "machine": "pc",
                            "memory": "512",
                            "name": "test",
                            "network_interface.#": "1",
                            "network_interface.0.addresses.#": "1",
                            "network_interface.0.addresses.0": "192.168.100.6",
                            "network_interface.0.bridge": "",
                            "network_interface.0.hostname": "test",
                            "network_interface.0.mac": "9A:5F:7E:35:95:CF",
                            "network_interface.0.macvtap": "",
                            "network_interface.0.network_id": "c0f7fabf-69fc-4499-a3ab-a949925655c3",
                            "network_interface.0.network_name": "default",
                            "network_interface.0.passthrough": "",
                            "network_interface.0.vepa": "",
                            "network_interface.0.wait_for_lease": "true",
                            "nvram.#": "0",
                            "qemu_agent": "false",
                            "running": "true",
                            "vcpu": "1"
                        },
                        "meta": {
                            "e2bfb730-ecaa-11e6-8f88-34363bc7c4c0": {
                                "create": 300000000000
                            }
                        },
                        "tainted": false
                    },
                    "deposed": [],
                    "provider": "provider.libvirt"
                },
                "libvirt_volume.data_disk": {
                    "type": "libvirt_volume",
                    "depends_on": [],
                    "primary": {
                        "id": "/mnt/data/test_data",
                        "attributes": {
                            "format": "qcow2",
                            "id": "/mnt/data/test_data",
                            "name": "test_data",
                            "pool": "data",
                            "size": "1048576"
                        },
                        "meta": {},
                        "tainted": false
                    },
                    "deposed": [],
                    "provider": "provider.libvirt"
                },
                "libvirt_volume.os_disk": {
                    "type": "libvirt_volume",
                    "depends_on": [],
                    "primary": {
                        "id": "dRoX5b-DmR5-KL2p-RevN-b109-vWC0-KxfOFy",
                        "attributes": {
                            "id": "dRoX5b-DmR5-KL2p-RevN-b109-vWC0-KxfOFy",
                            "name": "test_os",
                            "pool": "vg0",
                            "size": "4294967296"
                        },
                        "meta": {},
                        "tainted": false
                    },
                    "deposed": [],
                    "provider": "provider.libvirt"
                }
            },
            "depends_on": []
        }
    ]
}
